// !$*UTF8*$!
{
	archiveVersion = 1;
	classes = {
	};
	objectVersion = 46;
	objects = {

/* Begin PBXBuildFile section */
		0417538D18B66D7F002249B4 /* Cocoa.framework in Frameworks */ = {isa = PBXBuildFile; fileRef = 0417538C18B66D7F002249B4 /* Cocoa.framework */; };
		0417539718B66D7F002249B4 /* InfoPlist.strings in Resources */ = {isa = PBXBuildFile; fileRef = 0417539518B66D7F002249B4 /* InfoPlist.strings */; };
		0417539918B66D7F002249B4 /* main.m in Sources */ = {isa = PBXBuildFile; fileRef = 0417539818B66D7F002249B4 /* main.m */; };
		0417539D18B66D7F002249B4 /* Credits.rtf in Resources */ = {isa = PBXBuildFile; fileRef = 0417539B18B66D7F002249B4 /* Credits.rtf */; };
		041753A018B66D7F002249B4 /* AppDelegate.m in Sources */ = {isa = PBXBuildFile; fileRef = 0417539F18B66D7F002249B4 /* AppDelegate.m */; };
		041753A318B66D7F002249B4 /* MainMenu.xib in Resources */ = {isa = PBXBuildFile; fileRef = 041753A118B66D7F002249B4 /* MainMenu.xib */; };
		041753A518B66D7F002249B4 /* Images.xcassets in Resources */ = {isa = PBXBuildFile; fileRef = 041753A418B66D7F002249B4 /* Images.xcassets */; };
		041753AC18B66D7F002249B4 /* XCTest.framework in Frameworks */ = {isa = PBXBuildFile; fileRef = 041753AB18B66D7F002249B4 /* XCTest.framework */; };
		041753AD18B66D7F002249B4 /* Cocoa.framework in Frameworks */ = {isa = PBXBuildFile; fileRef = 0417538C18B66D7F002249B4 /* Cocoa.framework */; };
		041753B518B66D7F002249B4 /* InfoPlist.strings in Resources */ = {isa = PBXBuildFile; fileRef = 041753B318B66D7F002249B4 /* InfoPlist.strings */; };
		041753B718B66D7F002249B4 /* CSV_File_BrowserTests.m in Sources */ = {isa = PBXBuildFile; fileRef = 041753B618B66D7F002249B4 /* CSV_File_BrowserTests.m */; };
/* End PBXBuildFile section */

/* Begin PBXContainerItemProxy section */
		041753AE18B66D7F002249B4 /* PBXContainerItemProxy */ = {
			isa = PBXContainerItemProxy;
			containerPortal = 0417538118B66D7F002249B4 /* Project object */;
			proxyType = 1;
			remoteGlobalIDString = 0417538818B66D7F002249B4;
			remoteInfo = "CSV File Browser";
		};
/* End PBXContainerItemProxy section */

/* Begin PBXFileReference section */
		0417538918B66D7F002249B4 /* CSV File Browser.app */ = {isa = PBXFileReference; explicitFileType = wrapper.application; includeInIndex = 0; path = "CSV File Browser.app"; sourceTree = BUILT_PRODUCTS_DIR; };
		0417538C18B66D7F002249B4 /* Cocoa.framework */ = {isa = PBXFileReference; lastKnownFileType = wrapper.framework; name = Cocoa.framework; path = System/Library/Frameworks/Cocoa.framework; sourceTree = SDKROOT; };
		0417538F18B66D7F002249B4 /* AppKit.framework */ = {isa = PBXFileReference; lastKnownFileType = wrapper.framework; name = AppKit.framework; path = System/Library/Frameworks/AppKit.framework; sourceTree = SDKROOT; };
		0417539018B66D7F002249B4 /* CoreData.framework */ = {isa = PBXFileReference; lastKnownFileType = wrapper.framework; name = CoreData.framework; path = System/Library/Frameworks/CoreData.framework; sourceTree = SDKROOT; };
		0417539118B66D7F002249B4 /* Foundation.framework */ = {isa = PBXFileReference; lastKnownFileType = wrapper.framework; name = Foundation.framework; path = System/Library/Frameworks/Foundation.framework; sourceTree = SDKROOT; };
		0417539418B66D7F002249B4 /* CSV File Browser-Info.plist */ = {isa = PBXFileReference; lastKnownFileType = text.plist.xml; path = "CSV File Browser-Info.plist"; sourceTree = "<group>"; };
		0417539618B66D7F002249B4 /* en */ = {isa = PBXFileReference; lastKnownFileType = text.plist.strings; name = en; path = en.lproj/InfoPlist.strings; sourceTree = "<group>"; };
		0417539818B66D7F002249B4 /* main.m */ = {isa = PBXFileReference; lastKnownFileType = sourcecode.c.objc; path = main.m; sourceTree = "<group>"; };
		0417539A18B66D7F002249B4 /* CSV File Browser-Prefix.pch */ = {isa = PBXFileReference; lastKnownFileType = sourcecode.c.h; path = "CSV File Browser-Prefix.pch"; sourceTree = "<group>"; };
		0417539C18B66D7F002249B4 /* en */ = {isa = PBXFileReference; lastKnownFileType = text.rtf; name = en; path = en.lproj/Credits.rtf; sourceTree = "<group>"; };
		0417539E18B66D7F002249B4 /* AppDelegate.h */ = {isa = PBXFileReference; lastKnownFileType = sourcecode.c.h; path = AppDelegate.h; sourceTree = "<group>"; };
		0417539F18B66D7F002249B4 /* AppDelegate.m */ = {isa = PBXFileReference; lastKnownFileType = sourcecode.c.objc; path = AppDelegate.m; sourceTree = "<group>"; };
		041753A218B66D7F002249B4 /* Base */ = {isa = PBXFileReference; lastKnownFileType = file.xib; name = Base; path = Base.lproj/MainMenu.xib; sourceTree = "<group>"; };
		041753A418B66D7F002249B4 /* Images.xcassets */ = {isa = PBXFileReference; lastKnownFileType = folder.assetcatalog; path = Images.xcassets; sourceTree = "<group>"; };
		041753AA18B66D7F002249B4 /* CSV File BrowserTests.xctest */ = {isa = PBXFileReference; explicitFileType = wrapper.cfbundle; includeInIndex = 0; path = "CSV File BrowserTests.xctest"; sourceTree = BUILT_PRODUCTS_DIR; };
		041753AB18B66D7F002249B4 /* XCTest.framework */ = {isa = PBXFileReference; lastKnownFileType = wrapper.framework; name = XCTest.framework; path = Library/Frameworks/XCTest.framework; sourceTree = DEVELOPER_DIR; };
		041753B218B66D7F002249B4 /* CSV File BrowserTests-Info.plist */ = {isa = PBXFileReference; lastKnownFileType = text.plist.xml; path = "CSV File BrowserTests-Info.plist"; sourceTree = "<group>"; };
		041753B418B66D7F002249B4 /* en */ = {isa = PBXFileReference; lastKnownFileType = text.plist.strings; name = en; path = en.lproj/InfoPlist.strings; sourceTree = "<group>"; };
		041753B618B66D7F002249B4 /* CSV_File_BrowserTests.m */ = {isa = PBXFileReference; lastKnownFileType = sourcecode.c.objc; path = CSV_File_BrowserTests.m; sourceTree = "<group>"; };
/* End PBXFileReference section */

/* Begin PBXFrameworksBuildPhase section */
		0417538618B66D7F002249B4 /* Frameworks */ = {
			isa = PBXFrameworksBuildPhase;
			buildActionMask = 2147483647;
			files = (
				0417538D18B66D7F002249B4 /* Cocoa.framework in Frameworks */,
			);
			runOnlyForDeploymentPostprocessing = 0;
		};
		041753A718B66D7F002249B4 /* Frameworks */ = {
			isa = PBXFrameworksBuildPhase;
			buildActionMask = 2147483647;
			files = (
				041753AD18B66D7F002249B4 /* Cocoa.framework in Frameworks */,
				041753AC18B66D7F002249B4 /* XCTest.framework in Frameworks */,
			);
			runOnlyForDeploymentPostprocessing = 0;
		};
/* End PBXFrameworksBuildPhase section */

/* Begin PBXGroup section */
		0417538018B66D7F002249B4 = {
			isa = PBXGroup;
			children = (
				0417539218B66D7F002249B4 /* CSV File Browser */,
				041753B018B66D7F002249B4 /* CSV File BrowserTests */,
				0417538B18B66D7F002249B4 /* Frameworks */,
				0417538A18B66D7F002249B4 /* Products */,
			);
			sourceTree = "<group>";
		};
		0417538A18B66D7F002249B4 /* Products */ = {
			isa = PBXGroup;
			children = (
				0417538918B66D7F002249B4 /* CSV File Browser.app */,
				041753AA18B66D7F002249B4 /* CSV File BrowserTests.xctest */,
			);
			name = Products;
			sourceTree = "<group>";
		};
		0417538B18B66D7F002249B4 /* Frameworks */ = {
			isa = PBXGroup;
			children = (
				0417538C18B66D7F002249B4 /* Cocoa.framework */,
				041753AB18B66D7F002249B4 /* XCTest.framework */,
				0417538E18B66D7F002249B4 /* Other Frameworks */,
			);
			name = Frameworks;
			sourceTree = "<group>";
		};
		0417538E18B66D7F002249B4 /* Other Frameworks */ = {
			isa = PBXGroup;
			children = (
				0417538F18B66D7F002249B4 /* AppKit.framework */,
				0417539018B66D7F002249B4 /* CoreData.framework */,
				0417539118B66D7F002249B4 /* Foundation.framework */,
			);
			name = "Other Frameworks";
			sourceTree = "<group>";
		};
		0417539218B66D7F002249B4 /* CSV File Browser */ = {
			isa = PBXGroup;
			children = (
				0417539E18B66D7F002249B4 /* AppDelegate.h */,
				0417539F18B66D7F002249B4 /* AppDelegate.m */,
				041753A118B66D7F002249B4 /* MainMenu.xib */,
				041753A418B66D7F002249B4 /* Images.xcassets */,
				0417539318B66D7F002249B4 /* Supporting Files */,
			);
			path = "CSV File Browser";
			sourceTree = "<group>";
		};
		0417539318B66D7F002249B4 /* Supporting Files */ = {
			isa = PBXGroup;
			children = (
				0417539418B66D7F002249B4 /* CSV File Browser-Info.plist */,
				0417539518B66D7F002249B4 /* InfoPlist.strings */,
				0417539818B66D7F002249B4 /* main.m */,
				0417539A18B66D7F002249B4 /* CSV File Browser-Prefix.pch */,
				0417539B18B66D7F002249B4 /* Credits.rtf */,
			);
			name = "Supporting Files";
			sourceTree = "<group>";
		};
		041753B018B66D7F002249B4 /* CSV File BrowserTests */ = {
			isa = PBXGroup;
			children = (
				041753B618B66D7F002249B4 /* CSV_File_BrowserTests.m */,
				041753B118B66D7F002249B4 /* Supporting Files */,
			);
			path = "CSV File BrowserTests";
			sourceTree = "<group>";
		};
		041753B118B66D7F002249B4 /* Supporting Files */ = {
			isa = PBXGroup;
			children = (
				041753B218B66D7F002249B4 /* CSV File BrowserTests-Info.plist */,
				041753B318B66D7F002249B4 /* InfoPlist.strings */,
			);
			name = "Supporting Files";
			sourceTree = "<group>";
		};
/* End PBXGroup section */

/* Begin PBXNativeTarget section */
		0417538818B66D7F002249B4 /* CSV File Browser */ = {
			isa = PBXNativeTarget;
			buildConfigurationList = 041753BA18B66D7F002249B4 /* Build configuration list for PBXNativeTarget "CSV File Browser" */;
			buildPhases = (
				0417538518B66D7F002249B4 /* Sources */,
				0417538618B66D7F002249B4 /* Frameworks */,
				0417538718B66D7F002249B4 /* Resources */,
			);
			buildRules = (
			);
			dependencies = (
			);
			name = "CSV File Browser";
			productName = "CSV File Browser";
			productReference = 0417538918B66D7F002249B4 /* CSV File Browser.app */;
			productType = "com.apple.product-type.application";
		};
		041753A918B66D7F002249B4 /* CSV File BrowserTests */ = {
			isa = PBXNativeTarget;
			buildConfigurationList = 041753BD18B66D7F002249B4 /* Build configuration list for PBXNativeTarget "CSV File BrowserTests" */;
			buildPhases = (
				041753A618B66D7F002249B4 /* Sources */,
				041753A718B66D7F002249B4 /* Frameworks */,
				041753A818B66D7F002249B4 /* Resources */,
			);
			buildRules = (
			);
			dependencies = (
				041753AF18B66D7F002249B4 /* PBXTargetDependency */,
			);
			name = "CSV File BrowserTests";
			productName = "CSV File BrowserTests";
			productReference = 041753AA18B66D7F002249B4 /* CSV File BrowserTests.xctest */;
			productType = "com.apple.product-type.bundle.unit-test";
		};
/* End PBXNativeTarget section */

/* Begin PBXProject section */
		0417538118B66D7F002249B4 /* Project object */ = {
			isa = PBXProject;
			attributes = {
				LastUpgradeCheck = 0500;
				ORGANIZATIONNAME = "Jack James";
				TargetAttributes = {
					041753A918B66D7F002249B4 = {
						TestTargetID = 0417538818B66D7F002249B4;
					};
				};
			};
			buildConfigurationList = 0417538418B66D7F002249B4 /* Build configuration list for PBXProject "CSV File Browser" */;
			compatibilityVersion = "Xcode 3.2";
			developmentRegion = English;
			hasScannedForEncodings = 0;
			knownRegions = (
				en,
				Base,
			);
			mainGroup = 0417538018B66D7F002249B4;
			productRefGroup = 0417538A18B66D7F002249B4 /* Products */;
			projectDirPath = "";
			projectRoot = "";
			targets = (
				0417538818B66D7F002249B4 /* CSV File Browser */,
				041753A918B66D7F002249B4 /* CSV File BrowserTests */,
			);
		};
/* End PBXProject section */

/* Begin PBXResourcesBuildPhase section */
		0417538718B66D7F002249B4 /* Resources */ = {
			isa = PBXResourcesBuildPhase;
			buildActionMask = 2147483647;
			files = (
				0417539718B66D7F002249B4 /* InfoPlist.strings in Resources */,
				041753A518B66D7F002249B4 /* Images.xcassets in Resources */,
				0417539D18B66D7F002249B4 /* Credits.rtf in Resources */,
				041753A318B66D7F002249B4 /* MainMenu.xib in Resources */,
			);
			runOnlyForDeploymentPostprocessing = 0;
		};
		041753A818B66D7F002249B4 /* Resources */ = {
			isa = PBXResourcesBuildPhase;
			buildActionMask = 2147483647;
			files = (
				041753B518B66D7F002249B4 /* InfoPlist.strings in Resources */,
			);
			runOnlyForDeploymentPostprocessing = 0;
		};
/* End PBXResourcesBuildPhase section */

/* Begin PBXSourcesBuildPhase section */
		0417538518B66D7F002249B4 /* Sources */ = {
			isa = PBXSourcesBuildPhase;
			buildActionMask = 2147483647;
			files = (
				041753A018B66D7F002249B4 /* AppDelegate.m in Sources */,
				0417539918B66D7F002249B4 /* main.m in Sources */,
			);
			runOnlyForDeploymentPostprocessing = 0;
		};
		041753A618B66D7F002249B4 /* Sources */ = {
			isa = PBXSourcesBuildPhase;
			buildActionMask = 2147483647;
			files = (
				041753B718B66D7F002249B4 /* CSV_File_BrowserTests.m in Sources */,
			);
			runOnlyForDeploymentPostprocessing = 0;
		};
/* End PBXSourcesBuildPhase section */

/* Begin PBXTargetDependency section */
		041753AF18B66D7F002249B4 /* PBXTargetDependency */ = {
			isa = PBXTargetDependency;
			target = 0417538818B66D7F002249B4 /* CSV File Browser */;
			targetProxy = 041753AE18B66D7F002249B4 /* PBXContainerItemProxy */;
		};
/* End PBXTargetDependency section */

/* Begin PBXVariantGroup section */
		0417539518B66D7F002249B4 /* InfoPlist.strings */ = {
			isa = PBXVariantGroup;
			children = (
				0417539618B66D7F002249B4 /* en */,
			);
			name = InfoPlist.strings;
			sourceTree = "<group>";
		};
		0417539B18B66D7F002249B4 /* Credits.rtf */ = {
			isa = PBXVariantGroup;
			children = (
				0417539C18B66D7F002249B4 /* en */,
			);
			name = Credits.rtf;
			sourceTree = "<group>";
		};
		041753A118B66D7F002249B4 /* MainMenu.xib */ = {
			isa = PBXVariantGroup;
			children = (
				041753A218B66D7F002249B4 /* Base */,
			);
			name = MainMenu.xib;
			sourceTree = "<group>";
		};
		041753B318B66D7F002249B4 /* InfoPlist.strings */ = {
			isa = PBXVariantGroup;
			children = (
				041753B418B66D7F002249B4 /* en */,
			);
			name = InfoPlist.strings;
			sourceTree = "<group>";
		};
/* End PBXVariantGroup section */

/* Begin XCBuildConfiguration section */
		041753B818B66D7F002249B4 /* Debug */ = {
			isa = XCBuildConfiguration;
			buildSettings = {
				ALWAYS_SEARCH_USER_PATHS = NO;
				CLANG_CXX_LANGUAGE_STANDARD = "gnu++0x";
				CLANG_CXX_LIBRARY = "libc++";
				CLANG_ENABLE_OBJC_ARC = YES;
				CLANG_WARN_BOOL_CONVERSION = YES;
				CLANG_WARN_CONSTANT_CONVERSION = YES;
				CLANG_WARN_DIRECT_OBJC_ISA_USAGE = YES_ERROR;
				CLANG_WARN_EMPTY_BODY = YES;
				CLANG_WARN_ENUM_CONVERSION = YES;
				CLANG_WARN_INT_CONVERSION = YES;
				CLANG_WARN_OBJC_ROOT_CLASS = YES_ERROR;
				CLANG_WARN__DUPLICATE_METHOD_MATCH = YES;
				COPY_PHASE_STRIP = NO;
				GCC_C_LANGUAGE_STANDARD = gnu99;
				GCC_DYNAMIC_NO_PIC = NO;
				GCC_ENABLE_OBJC_EXCEPTIONS = YES;
				GCC_OPTIMIZATION_LEVEL = 0;
				GCC_PREPROCESSOR_DEFINITIONS = (
					"DEBUG=1",
					"$(inherited)",
				);
				GCC_SYMBOLS_PRIVATE_EXTERN = NO;
				GCC_WARN_64_TO_32_BIT_CONVERSION = YES;
				GCC_WARN_ABOUT_RETURN_TYPE = YES_ERROR;
				GCC_WARN_UNDECLARED_SELECTOR = YES;
				GCC_WARN_UNINITIALIZED_AUTOS = YES;
				GCC_WARN_UNUSED_FUNCTION = YES;
				GCC_WARN_UNUSED_VARIABLE = YES;
				MACOSX_DEPLOYMENT_TARGET = 10.9;
				ONLY_ACTIVE_ARCH = YES;
				SDKROOT = macosx;
			};
			name = Debug;
		};
		041753B918B66D7F002249B4 /* Release */ = {
			isa = XCBuildConfiguration;
			buildSettings = {
				ALWAYS_SEARCH_USER_PATHS = NO;
				CLANG_CXX_LANGUAGE_STANDARD = "gnu++0x";
				CLANG_CXX_LIBRARY = "libc++";
				CLANG_ENABLE_OBJC_ARC = YES;
				CLANG_WARN_BOOL_CONVERSION = YES;
				CLANG_WARN_CONSTANT_CONVERSION = YES;
				CLANG_WARN_DIRECT_OBJC_ISA_USAGE = YES_ERROR;
				CLANG_WARN_EMPTY_BODY = YES;
				CLANG_WARN_ENUM_CONVERSION = YES;
				CLANG_WARN_INT_CONVERSION = YES;
				CLANG_WARN_OBJC_ROOT_CLASS = YES_ERROR;
				CLANG_WARN__DUPLICATE_METHOD_MATCH = YES;
				COPY_PHASE_STRIP = YES;
				DEBUG_INFORMATION_FORMAT = "dwarf-with-dsym";
				ENABLE_NS_ASSERTIONS = NO;
				GCC_C_LANGUAGE_STANDARD = gnu99;
				GCC_ENABLE_OBJC_EXCEPTIONS = YES;
				GCC_WARN_64_TO_32_BIT_CONVERSION = YES;
				GCC_WARN_ABOUT_RETURN_TYPE = YES_ERROR;
				GCC_WARN_UNDECLARED_SELECTOR = YES;
				GCC_WARN_UNINITIALIZED_AUTOS = YES;
				GCC_WARN_UNUSED_FUNCTION = YES;
				GCC_WARN_UNUSED_VARIABLE = YES;
				MACOSX_DEPLOYMENT_TARGET = 10.9;
				SDKROOT = macosx;
			};
			name = Release;
		};
		041753BB18B66D7F002249B4 /* Debug */ = {
			isa = XCBuildConfiguration;
			buildSettings = {
				ASSETCATALOG_COMPILER_APPICON_NAME = AppIcon;
				COMBINE_HIDPI_IMAGES = YES;
				GCC_PRECOMPILE_PREFIX_HEADER = YES;
				GCC_PREFIX_HEADER = "CSV File Browser/CSV File Browser-Prefix.pch";
				INFOPLIST_FILE = "CSV File Browser/CSV File Browser-Info.plist";
				PRODUCT_NAME = "$(TARGET_NAME)";
				WRAPPER_EXTENSION = app;
			};
			name = Debug;
		};
		041753BC18B66D7F002249B4 /* Release */ = {
			isa = XCBuildConfiguration;
			buildSettings = {
				ASSETCATALOG_COMPILER_APPICON_NAME = AppIcon;
				COMBINE_HIDPI_IMAGES = YES;
				GCC_PRECOMPILE_PREFIX_HEADER = YES;
				GCC_PREFIX_HEADER = "CSV File Browser/CSV File Browser-Prefix.pch";
				INFOPLIST_FILE = "CSV File Browser/CSV File Browser-Info.plist";
				PRODUCT_NAME = "$(TARGET_NAME)";
				WRAPPER_EXTENSION = app;
			};
			name = Release;
		};
		041753BE18B66D7F002249B4 /* Debug */ = {
			isa = XCBuildConfiguration;
			buildSettings = {
				BUNDLE_LOADER = "$(BUILT_PRODUCTS_DIR)/CSV File Browser.app/Contents/MacOS/CSV File Browser";
				COMBINE_HIDPI_IMAGES = YES;
				FRAMEWORK_SEARCH_PATHS = (
					"$(DEVELOPER_FRAMEWORKS_DIR)",
					"$(inherited)",
				);
				GCC_PRECOMPILE_PREFIX_HEADER = YES;
				GCC_PREFIX_HEADER = "CSV File Browser/CSV File Browser-Prefix.pch";
				GCC_PREPROCESSOR_DEFINITIONS = (
					"DEBUG=1",
					"$(inherited)",
				);
				INFOPLIST_FILE = "CSV File BrowserTests/CSV File BrowserTests-Info.plist";
				PRODUCT_NAME = "$(TARGET_NAME)";
				TEST_HOST = "$(BUNDLE_LOADER)";
				WRAPPER_EXTENSION = xctest;
			};
			name = Debug;
		};
		041753BF18B66D7F002249B4 /* Release */ = {
			isa = XCBuildConfiguration;
			buildSettings = {
				BUNDLE_LOADER = "$(BUILT_PRODUCTS_DIR)/CSV File Browser.app/Contents/MacOS/CSV File Browser";
				COMBINE_HIDPI_IMAGES = YES;
				FRAMEWORK_SEARCH_PATHS = (
					"$(DEVELOPER_FRAMEWORKS_DIR)",
					"$(inherited)",
				);
				GCC_PRECOMPILE_PREFIX_HEADER = YES;
				GCC_PREFIX_HEADER = "CSV File Browser/CSV File Browser-Prefix.pch";
				INFOPLIST_FILE = "CSV File BrowserTests/CSV File BrowserTests-Info.plist";
				PRODUCT_NAME = "$(TARGET_NAME)";
				TEST_HOST = "$(BUNDLE_LOADER)";
				WRAPPER_EXTENSION = xctest;
			};
			name = Release;
		};
/* End XCBuildConfiguration section */

/* Begin XCConfigurationList section */
		0417538418B66D7F002249B4 /* Build configuration list for PBXProject "CSV File Browser" */ = {
			isa = XCConfigurationList;
			buildConfigurations = (
				041753B818B66D7F002249B4 /* Debug */,
				041753B918B66D7F002249B4 /* Release */,
			);
			defaultConfigurationIsVisible = 0;
			defaultConfigurationName = Release;
		};
		041753BA18B66D7F002249B4 /* Build configuration list for PBXNativeTarget "CSV File Browser" */ = {
			isa = XCConfigurationList;
			buildConfigurations = (
				041753BB18B66D7F002249B4 /* Debug */,
				041753BC18B66D7F002249B4 /* Release */,
			);
			defaultConfigurationIsVisible = 0;
		};
		041753BD18B66D7F002249B4 /* Build configuration list for PBXNativeTarget "CSV File BrowserTests" */ = {
			isa = XCConfigurationList;
			buildConfigurations = (
				041753BE18B66D7F002249B4 /* Debug */,
				041753BF18B66D7F002249B4 /* Release */,
			);
			defaultConfigurationIsVisible = 0;
		};
/* End XCConfigurationList section */
	};
	rootObject = 0417538118B66D7F002249B4 /* Project object */;
}
